
Microsoft Visual Studio Solution File, Format Version 12.00
# Visual Studio Version 17
VisualStudioVersion = 17.8.34330.188
MinimumVisualStudioVersion = 10.0.40219.1
Project("{FAE04EC0-301F-11D3-BF4B-00C04F79EFBC}") = "Users.Model", "Common\Users\Users.Model\Users.Model.csproj", "{34949E1C-F1B1-4A65-9D64-D7335972AD7A}"
EndProject
Project("{2150E333-8FDC-42A3-9474-1A3956D46DE8}") = "Common", "Common", "{62B5AD83-C79A-4C35-83DC-D4B6CE6101DA}"
EndProject
Project("{2150E333-8FDC-42A3-9474-1A3956D46DE8}") = "Users", "Users", "{211E6247-BC09-4A4C-BEAC-BD0D7C49804D}"
EndProject
Project("{2150E333-8FDC-42A3-9474-1A3956D46DE8}") = "Services", "Services", "{6B3B2A1A-7BD9-4B0B-956C-DEAD1C5D5C04}"
EndProject
Project("{2150E333-8FDC-42A3-9474-1A3956D46DE8}") = "Users", "Users", "{B4B19A3E-DC43-4E9A-8AD8-D74F04A0FDC6}"
EndProject
Project("{9A19103F-16F7-4668-BE54-9A1E7A4F7556}") = "Users.Repository", "Services\Users\Users.Repository\Users.Repository.csproj", "{A1569FAB-E2F9-4200-A252-801760637B71}"
EndProject
Project("{FAE04EC0-301F-11D3-BF4B-00C04F79EFBC}") = "Users.Services.Contracts", "Common\Users\Users.Services.Contracts\Users.Services.Contracts.csproj", "{34750F8F-A3FF-4AC4-99A9-65C1A482BAA0}"
EndProject
Project("{FAE04EC0-301F-11D3-BF4B-00C04F79EFBC}") = "Users.Services", "Services\Users\Users.Services\Users.Services.csproj", "{24150E48-67A2-440A-A169-FF9E19670584}"
EndProject
Project("{FAE04EC0-301F-11D3-BF4B-00C04F79EFBC}") = "Users.WorkerService", "Services\Users\Users.WorkerService\Users.WorkerService.csproj", "{9499EFF6-7B63-4B74-A22A-F1F7E4C042CD}"
EndProject
Project("{FAE04EC0-301F-11D3-BF4B-00C04F79EFBC}") = "Users.Bus.Contracts", "Common\Users\Users.Bus.Contracts\Users.Bus.Contracts.csproj", "{D2A2199D-9420-4205-8F47-681957939671}"
EndProject
Project("{2150E333-8FDC-42A3-9474-1A3956D46DE8}") = "Web", "Web", "{875FE3D0-C075-432D-8922-48BE34590FC3}"
EndProject
Project("{9A19103F-16F7-4668-BE54-9A1E7A4F7556}") = "Gateway.API", "Web\Gateway.API\Gateway.API.csproj", "{ABB9E5E6-6F31-45F1-B394-45460C578FD5}"
EndProject
Project("{FAE04EC0-301F-11D3-BF4B-00C04F79EFBC}") = "Masstransit.Common", "Common\Masstransit.Common\Masstransit.Common.csproj", "{7AFFD7AC-15CE-49E4-B9D9-00D6CC1DA2B8}"
EndProject
Global
	GlobalSection(SolutionConfigurationPlatforms) = preSolution
		Debug|Any CPU = Debug|Any CPU
		Release|Any CPU = Release|Any CPU
	EndGlobalSection
	GlobalSection(ProjectConfigurationPlatforms) = postSolution
		{34949E1C-F1B1-4A65-9D64-D7335972AD7A}.Debug|Any CPU.ActiveCfg = Debug|Any CPU
		{34949E1C-F1B1-4A65-9D64-D7335972AD7A}.Debug|Any CPU.Build.0 = Debug|Any CPU
		{34949E1C-F1B1-4A65-9D64-D7335972AD7A}.Release|Any CPU.ActiveCfg = Release|Any CPU
		{34949E1C-F1B1-4A65-9D64-D7335972AD7A}.Release|Any CPU.Build.0 = Release|Any CPU
		{A1569FAB-E2F9-4200-A252-801760637B71}.Debug|Any CPU.ActiveCfg = Debug|Any CPU
		{A1569FAB-E2F9-4200-A252-801760637B71}.Debug|Any CPU.Build.0 = Debug|Any CPU
		{A1569FAB-E2F9-4200-A252-801760637B71}.Release|Any CPU.ActiveCfg = Release|Any CPU
		{A1569FAB-E2F9-4200-A252-801760637B71}.Release|Any CPU.Build.0 = Release|Any CPU
		{34750F8F-A3FF-4AC4-99A9-65C1A482BAA0}.Debug|Any CPU.ActiveCfg = Debug|Any CPU
		{34750F8F-A3FF-4AC4-99A9-65C1A482BAA0}.Debug|Any CPU.Build.0 = Debug|Any CPU
		{34750F8F-A3FF-4AC4-99A9-65C1A482BAA0}.Release|Any CPU.ActiveCfg = Release|Any CPU
		{34750F8F-A3FF-4AC4-99A9-65C1A482BAA0}.Release|Any CPU.Build.0 = Release|Any CPU
		{24150E48-67A2-440A-A169-FF9E19670584}.Debug|Any CPU.ActiveCfg = Debug|Any CPU
		{24150E48-67A2-440A-A169-FF9E19670584}.Debug|Any CPU.Build.0 = Debug|Any CPU
		{24150E48-67A2-440A-A169-FF9E19670584}.Release|Any CPU.ActiveCfg = Release|Any CPU
		{24150E48-67A2-440A-A169-FF9E19670584}.Release|Any CPU.Build.0 = Release|Any CPU
		{9499EFF6-7B63-4B74-A22A-F1F7E4C042CD}.Debug|Any CPU.ActiveCfg = Debug|Any CPU
		{9499EFF6-7B63-4B74-A22A-F1F7E4C042CD}.Debug|Any CPU.Build.0 = Debug|Any CPU
		{9499EFF6-7B63-4B74-A22A-F1F7E4C042CD}.Release|Any CPU.ActiveCfg = Release|Any CPU
		{9499EFF6-7B63-4B74-A22A-F1F7E4C042CD}.Release|Any CPU.Build.0 = Release|Any CPU
		{D2A2199D-9420-4205-8F47-681957939671}.Debug|Any CPU.ActiveCfg = Debug|Any CPU
		{D2A2199D-9420-4205-8F47-681957939671}.Debug|Any CPU.Build.0 = Debug|Any CPU
		{D2A2199D-9420-4205-8F47-681957939671}.Release|Any CPU.ActiveCfg = Release|Any CPU
		{D2A2199D-9420-4205-8F47-681957939671}.Release|Any CPU.Build.0 = Release|Any CPU
		{ABB9E5E6-6F31-45F1-B394-45460C578FD5}.Debug|Any CPU.ActiveCfg = Debug|Any CPU
		{ABB9E5E6-6F31-45F1-B394-45460C578FD5}.Debug|Any CPU.Build.0 = Debug|Any CPU
		{ABB9E5E6-6F31-45F1-B394-45460C578FD5}.Release|Any CPU.ActiveCfg = Release|Any CPU
		{ABB9E5E6-6F31-45F1-B394-45460C578FD5}.Release|Any CPU.Build.0 = Release|Any CPU
		{7AFFD7AC-15CE-49E4-B9D9-00D6CC1DA2B8}.Debug|Any CPU.ActiveCfg = Debug|Any CPU
		{7AFFD7AC-15CE-49E4-B9D9-00D6CC1DA2B8}.Debug|Any CPU.Build.0 = Debug|Any CPU
		{7AFFD7AC-15CE-49E4-B9D9-00D6CC1DA2B8}.Release|Any CPU.ActiveCfg = Release|Any CPU
		{7AFFD7AC-15CE-49E4-B9D9-00D6CC1DA2B8}.Release|Any CPU.Build.0 = Release|Any CPU
	EndGlobalSection
	GlobalSection(SolutionProperties) = preSolution
		HideSolutionNode = FALSE
	EndGlobalSection
	GlobalSection(NestedProjects) = preSolution
		{34949E1C-F1B1-4A65-9D64-D7335972AD7A} = {211E6247-BC09-4A4C-BEAC-BD0D7C49804D}
		{211E6247-BC09-4A4C-BEAC-BD0D7C49804D} = {62B5AD83-C79A-4C35-83DC-D4B6CE6101DA}
		{B4B19A3E-DC43-4E9A-8AD8-D74F04A0FDC6} = {6B3B2A1A-7BD9-4B0B-956C-DEAD1C5D5C04}
		{A1569FAB-E2F9-4200-A252-801760637B71} = {B4B19A3E-DC43-4E9A-8AD8-D74F04A0FDC6}
		{34750F8F-A3FF-4AC4-99A9-65C1A482BAA0} = {211E6247-BC09-4A4C-BEAC-BD0D7C49804D}
		{24150E48-67A2-440A-A169-FF9E19670584} = {B4B19A3E-DC43-4E9A-8AD8-D74F04A0FDC6}
		{9499EFF6-7B63-4B74-A22A-F1F7E4C042CD} = {B4B19A3E-DC43-4E9A-8AD8-D74F04A0FDC6}
		{D2A2199D-9420-4205-8F47-681957939671} = {211E6247-BC09-4A4C-BEAC-BD0D7C49804D}
		{ABB9E5E6-6F31-45F1-B394-45460C578FD5} = {875FE3D0-C075-432D-8922-48BE34590FC3}
		{7AFFD7AC-15CE-49E4-B9D9-00D6CC1DA2B8} = {62B5AD83-C79A-4C35-83DC-D4B6CE6101DA}
	EndGlobalSection
	GlobalSection(ExtensibilityGlobals) = postSolution
		SolutionGuid = {2717B1C3-D894-433E-B02D-07D8A081A6A1}
	EndGlobalSection
EndGlobal
